
Microsoft Visual Studio Solution File, Format Version 12.00
# Visual Studio Version 16
VisualStudioVersion = 16.0.29519.87
MinimumVisualStudioVersion = 10.0.40219.1
Project("{9A19103F-16F7-4668-BE54-9A1E7A4F7556}") = "CourseApp", "CourseApp.csproj", "{62ECD0AC-AFC3-43B4-A4DD-28E1C2951540}"
EndProject
Global
	GlobalSection(SolutionConfigurationPlatforms) = preSolution
		Debug|Any CPU = Debug|Any CPU
		Release|Any CPU = Release|Any CPU
	EndGlobalSection
	GlobalSection(ProjectConfigurationPlatforms) = postSolution
		{62ECD0AC-AFC3-43B4-A4DD-28E1C2951540}.Debug|Any CPU.ActiveCfg = Debug|Any CPU
		{62ECD0AC-AFC3-43B4-A4DD-28E1C2951540}.Debug|Any CPU.Build.0 = Debug|Any CPU
		{62ECD0AC-AFC3-43B4-A4DD-28E1C2951540}.Release|Any CPU.ActiveCfg = Release|Any CPU
		{62ECD0AC-AFC3-43B4-A4DD-28E1C2951540}.Release|Any CPU.Build.0 = Release|Any CPU
	EndGlobalSection
	GlobalSection(SolutionProperties) = preSolution
		HideSolutionNode = FALSE
	EndGlobalSection
	GlobalSection(ExtensibilityGlobals) = postSolution
		SolutionGuid = {5425B116-2442-4CD5-8FC0-414BE9DB4CD3}
	EndGlobalSection
EndGlobal
